PODS:
  - Flutter (1.0.0)
  - flutterxel (0.0.10):
    - Flutter

DEPENDENCIES:
  - Flutter (from `Flutter`)
  - flutterxel (from `.symlinks/plugins/flutterxel/ios`)

EXTERNAL SOURCES:
  Flutter:
    :path: Flutter
  flutterxel:
    :path: ".symlinks/plugins/flutterxel/ios"

SPEC CHECKSUMS:
  Flutter: cabc95a1d2626b1b06e7179b784ebcf0c0cde467
  flutterxel: 6156969b300d6e43a334712304fffd5d829d7a07

PODFILE CHECKSUM: 3c63482e143d1b91d2d2560aee9fb04ecc74ac7e

COCOAPODS: 1.16.2
